{
  "name": "@financial-times/polyfill-useragent",
  "version": "1.0.0",
  "lockfileVersion": 1,
  "requires": true,
  "dependencies": {
    "@financial-times/useragent_parser": {
      "version": "1.0.2",
      "resolved": "https://registry.npmjs.org/@financial-times/useragent_parser/-/useragent_parser-1.0.2.tgz",
      "integrity": "sha512-zuJMxn5Qnk7CKl+zrVXDqXs0F+p4tshO6B4s8VenJj34EEVuV4iZIbkGiEFJUbn29z9Mcn6k8yfj9qSCNDcPPQ=="
    }
  }
}
